
Microsoft Visual Studio Solution File, Format Version 12.00
# Visual Studio Version 17
VisualStudioVersion = 17.6.33829.357
MinimumVisualStudioVersion = 10.0.40219.1
Project("{FAE04EC0-301F-11D3-BF4B-00C04F79EFBC}") = "Task2", "Task2.csproj", "{B1E293CC-807B-4243-87AC-0CAB67C8A25E}"
EndProject
Global
	GlobalSection(SolutionConfigurationPlatforms) = preSolution
		Debug|Any CPU = Debug|Any CPU
		Release|Any CPU = Release|Any CPU
	EndGlobalSection
	GlobalSection(ProjectConfigurationPlatforms) = postSolution
		{B1E293CC-807B-4243-87AC-0CAB67C8A25E}.Debug|Any CPU.ActiveCfg = Debug|Any CPU
		{B1E293CC-807B-4243-87AC-0CAB67C8A25E}.Debug|Any CPU.Build.0 = Debug|Any CPU
		{B1E293CC-807B-4243-87AC-0CAB67C8A25E}.Release|Any CPU.ActiveCfg = Release|Any CPU
		{B1E293CC-807B-4243-87AC-0CAB67C8A25E}.Release|Any CPU.Build.0 = Release|Any CPU
	EndGlobalSection
	GlobalSection(SolutionProperties) = preSolution
		HideSolutionNode = FALSE
	EndGlobalSection
	GlobalSection(ExtensibilityGlobals) = postSolution
		SolutionGuid = {B7DADD6E-129A-4501-881B-0E3F17597FAA}
	EndGlobalSection
EndGlobal
