
Microsoft Visual Studio Solution File, Format Version 12.00
# Visual Studio Version 17
VisualStudioVersion = 17.6.33829.357
MinimumVisualStudioVersion = 10.0.40219.1
Project("{FAE04EC0-301F-11D3-BF4B-00C04F79EFBC}") = "APBDTask8", "APBDTask8.csproj", "{882AD07C-80C4-4D09-B1A3-11E2364E9DF4}"
EndProject
Global
	GlobalSection(SolutionConfigurationPlatforms) = preSolution
		Debug|Any CPU = Debug|Any CPU
		Release|Any CPU = Release|Any CPU
	EndGlobalSection
	GlobalSection(ProjectConfigurationPlatforms) = postSolution
		{882AD07C-80C4-4D09-B1A3-11E2364E9DF4}.Debug|Any CPU.ActiveCfg = Debug|Any CPU
		{882AD07C-80C4-4D09-B1A3-11E2364E9DF4}.Debug|Any CPU.Build.0 = Debug|Any CPU
		{882AD07C-80C4-4D09-B1A3-11E2364E9DF4}.Release|Any CPU.ActiveCfg = Release|Any CPU
		{882AD07C-80C4-4D09-B1A3-11E2364E9DF4}.Release|Any CPU.Build.0 = Release|Any CPU
	EndGlobalSection
	GlobalSection(SolutionProperties) = preSolution
		HideSolutionNode = FALSE
	EndGlobalSection
	GlobalSection(ExtensibilityGlobals) = postSolution
		SolutionGuid = {A80904C7-2A7D-4E80-8CB1-94802D4A8E13}
	EndGlobalSection
EndGlobal
